github.com/google/go-cmp v0.6.0 h1:ofyhxvXcZhMsU5ulbFiLKl/XBFqE1GSq7atu8tAmTRI=
github.com/google/go-cmp v0.6.0/go.mod h1:17dUlkBOakJ0+DkrSSNjCkIjxS6bF9zb3elmeNGIjoY=
go4.org/netipx v0.0.0-20230824141953-6213f710f925 h1:eeQDDVKFkx0g4Hyy8pHgmZaK0EqB4SD6rvKbUdN3ziQ=
go4.org/netipx v0.0.0-20230824141953-6213f710f925/go.mod h1:PLyyIXexvUFg3Owu6p/WfdlivPbZJsZdgWZlrGope/Y=
